
Microsoft Visual Studio Solution File, Format Version 12.00
# Visual Studio Version 16
VisualStudioVersion = 16.0.30225.117
MinimumVisualStudioVersion = 10.0.40219.1
Project("{8BC9CEB8-8B4A-11D0-8D11-00A0C91BC942}") = "Plugins 3ds", "OAP3DPlugin\osgdb_oap3d.vcxproj", "{30971D28-75B9-330B-8A1C-53E9003714F2}"
EndProject
Global
	GlobalSection(SolutionConfigurationPlatforms) = preSolution
		Release|x64 = Release|x64
	EndGlobalSection
	GlobalSection(ProjectConfigurationPlatforms) = postSolution
		{30971D28-75B9-330B-8A1C-53E9003714F2}.Release|x64.ActiveCfg = Release|x64
		{30971D28-75B9-330B-8A1C-53E9003714F2}.Release|x64.Build.0 = Release|x64
	EndGlobalSection
	GlobalSection(SolutionProperties) = preSolution
		HideSolutionNode = FALSE
	EndGlobalSection
	GlobalSection(ExtensibilityGlobals) = postSolution
		SolutionGuid = {AEA7CB0B-65EE-44E1-A25B-FB14973B355A}
	EndGlobalSection
EndGlobal
